<?xml version="1.0" encoding="utf-8"?>
<Project ToolsVersion="4.0" xmlns="http://schemas.microsoft.com/developer/msbuild/2003">
  <ItemGroup>
    <Filter Include="Source Files">
      <UniqueIdentifier>{4FC737F1-C7A5-4376-A066-2A32D752A2FF}</UniqueIdentifier>
      <Extensions>cpp;c;cc;cxx;c++;def;odl;idl;hpj;bat;asm;asmx</Extensions>
    </Filter>
    <Filter Include="Header Files">
      <UniqueIdentifier>{93995380-89BD-4b04-88EB-625FBE52EBFB}</UniqueIdentifier>
      <Extensions>h;hh;hpp;hxx;h++;hm;inl;inc;ipp;xsd</Extensions>
    </Filter>
    <Filter Include="Resource Files">
      <UniqueIdentifier>{67DA6AB6-F800-4c08-8B7A-83BB121AAD01}</UniqueIdentifier>
      <Extensions>rc;ico;cur;bmp;dlg;rc2;rct;bin;rgs;gif;jpg;jpeg;jpe;resx;tiff;tif;png;wav;mfcribbon-ms</Extensions>
    </Filter>
    <Filter Include="Header Files\Network">
      <UniqueIdentifier>{2069fcd2-e3dd-4653-a630-1f2ff67c0749}</UniqueIdentifier>
    </Filter>
    <Filter Include="Source Files\Network">
      <UniqueIdentifier>{40ed09d9-e9eb-4e95-baef-1227304b11a4}</UniqueIdentifier>
    </Filter>
    <Filter Include="Header Files\quickhull">
      <UniqueIdentifier>{5f615228-4e3a-487b-b594-461888eb3d85}</UniqueIdentifier>
    </Filter>
    <Filter Include="Source Files\quickhull">
      <UniqueIdentifier>{54632908-53ed-4954-ab43-dc5d89bef97f}</UniqueIdentifier>
    </Filter>
    <Filter Include="Header Files\SorghumReconstruction">
      <UniqueIdentifier>{8c551ecc-0cfc-483c-8420-616be1296937}</UniqueIdentifier>
    </Filter>
    <Filter Include="Source Files\SorghumReconstruction">
      <UniqueIdentifier>{e5708bbe-0a2e-4743-a627-9878f7a058e4}</UniqueIdentifier>
    </Filter>
    <Filter Include="Header Files\TreeUtilities">
      <UniqueIdentifier>{73808b55-aadc-4337-b584-c48f9028a9b8}</UniqueIdentifier>
    </Filter>
    <Filter Include="Source Files\TreeUtilities">
      <UniqueIdentifier>{6692182e-b65f-476f-9436-4f542c2a11ed}</UniqueIdentifier>
    </Filter>
    <Filter Include="Header Files\pugixml">
      <UniqueIdentifier>{d89a30ee-9332-48ee-b499-12c5917dfad4}</UniqueIdentifier>
    </Filter>
    <Filter Include="Source Files\pugixml">
      <UniqueIdentifier>{2e0e61ac-89c1-42e3-9ef4-7fc04265f248}</UniqueIdentifier>
    </Filter>
  </ItemGroup>
  <ItemGroup>
    <ClCompile Include="TreeCreator.cpp">
      <Filter>Source Files</Filter>
    </ClCompile>
    <ClCompile Include="NetworkSystem.cpp">
      <Filter>Source Files\Network</Filter>
    </ClCompile>
    <ClCompile Include="TreeScene.cpp">
      <Filter>Source Files</Filter>
    </ClCompile>
    <ClCompile Include="quickhull\QuickHull.cpp">
      <Filter>Source Files\quickhull</Filter>
    </ClCompile>
    <ClCompile Include="SorghumReconstructionSystem.cpp">
      <Filter>Source Files\SorghumReconstruction</Filter>
    </ClCompile>
    <ClCompile Include="LeafSegment.cpp">
      <Filter>Source Files\SorghumReconstruction</Filter>
    </ClCompile>
    <ClCompile Include="Curve.cpp">
      <Filter>Source Files\TreeUtilities</Filter>
    </ClCompile>
    <ClCompile Include="LightEstimator.cpp">
      <Filter>Source Files\TreeUtilities</Filter>
    </ClCompile>
    <ClCompile Include="TreeManager.cpp">
      <Filter>Source Files\TreeUtilities</Filter>
    </ClCompile>
    <ClCompile Include="TreeSystem.cpp">
      <Filter>Source Files\TreeUtilities</Filter>
    </ClCompile>
    <ClCompile Include="BezierCurve.cpp">
      <Filter>Source Files\TreeUtilities</Filter>
    </ClCompile>
    <ClCompile Include="BranchSystem.cpp">
      <Filter>Source Files\TreeUtilities</Filter>
    </ClCompile>
    <ClCompile Include="PlantSimulationSystem.cpp">
      <Filter>Source Files\TreeUtilities</Filter>
    </ClCompile>
    <ClCompile Include="InternodeSystem.cpp">
      <Filter>Source Files\TreeUtilities</Filter>
    </ClCompile>
    <ClCompile Include="InternodeRingSegment.cpp">
      <Filter>Source Files\TreeUtilities</Filter>
    </ClCompile>
    <ClCompile Include="pugixml\pugixml.cpp">
      <Filter>Source Files\pugixml</Filter>
    </ClCompile>
  </ItemGroup>
  <ItemGroup>
    <ClInclude Include="NetworkSystem.h">
      <Filter>Header Files\Network</Filter>
    </ClInclude>
    <ClInclude Include="TreeScene.h">
      <Filter>Header Files</Filter>
    </ClInclude>
    <ClInclude Include="quickhull\Structs\VertexDataSource.hpp">
      <Filter>Header Files\quickhull</Filter>
    </ClInclude>
    <ClInclude Include="quickhull\Structs\Mesh.hpp">
      <Filter>Header Files\quickhull</Filter>
    </ClInclude>
    <ClInclude Include="quickhull\Structs\Plane.hpp">
      <Filter>Header Files\quickhull</Filter>
    </ClInclude>
    <ClInclude Include="quickhull\Structs\Pool.hpp">
      <Filter>Header Files\quickhull</Filter>
    </ClInclude>
    <ClInclude Include="quickhull\Structs\Ray.hpp">
      <Filter>Header Files\quickhull</Filter>
    </ClInclude>
    <ClInclude Include="quickhull\Structs\Vector3.hpp">
      <Filter>Header Files\quickhull</Filter>
    </ClInclude>
    <ClInclude Include="quickhull\MathUtils.hpp">
      <Filter>Header Files\quickhull</Filter>
    </ClInclude>
    <ClInclude Include="quickhull\ConvexHull.hpp">
      <Filter>Header Files\quickhull</Filter>
    </ClInclude>
    <ClInclude Include="quickhull\HalfEdgeMesh.hpp">
      <Filter>Header Files\quickhull</Filter>
    </ClInclude>
    <ClInclude Include="quickhull\QuickHull.hpp">
      <Filter>Header Files\quickhull</Filter>
    </ClInclude>
    <ClInclude Include="SorghumReconstructionSystem.h">
      <Filter>Header Files\SorghumReconstruction</Filter>
    </ClInclude>
    <ClInclude Include="LeafSegment.h">
      <Filter>Header Files\SorghumReconstruction</Filter>
    </ClInclude>
    <ClInclude Include="BezierCurve.h">
      <Filter>Header Files\TreeUtilities</Filter>
    </ClInclude>
    <ClInclude Include="BranchSystem.h">
      <Filter>Header Files\TreeUtilities</Filter>
    </ClInclude>
    <ClInclude Include="Curve.h">
      <Filter>Header Files\TreeUtilities</Filter>
    </ClInclude>
    <ClInclude Include="LightEstimator.h">
      <Filter>Header Files\TreeUtilities</Filter>
    </ClInclude>
    <ClInclude Include="TreeManager.h">
      <Filter>Header Files\TreeUtilities</Filter>
    </ClInclude>
    <ClInclude Include="TreeSystem.h">
      <Filter>Header Files\TreeUtilities</Filter>
    </ClInclude>
    <ClInclude Include="TreeUtilities.h">
      <Filter>Header Files\TreeUtilities</Filter>
    </ClInclude>
    <ClInclude Include="PlantSimulationSystem.h">
      <Filter>Header Files\TreeUtilities</Filter>
    </ClInclude>
    <ClInclude Include="InternodeSystem.h">
      <Filter>Header Files\TreeUtilities</Filter>
    </ClInclude>
    <ClInclude Include="InternodeRingSegment.h">
      <Filter>Header Files\TreeUtilities</Filter>
    </ClInclude>
    <ClInclude Include="pugixml\pugixml.hpp">
      <Filter>Header Files\pugixml</Filter>
    </ClInclude>
    <ClInclude Include="pugixml\pugiconfig.hpp">
      <Filter>Header Files\pugixml</Filter>
    </ClInclude>
  </ItemGroup>
  <ItemGroup>
    <None Include="MainSystems.cs">
      <Filter>Resource Files</Filter>
    </None>
  </ItemGroup>
</Project>